{
  "requires": true,
  "lockfileVersion": 1,
  "dependencies": {
    "@barba/core": {
      "version": "2.8.0",
      "resolved": "https://registry.npmjs.org/@barba/core/-/core-2.8.0.tgz",
      "integrity": "sha512-n4xHXHqQwqgcGNPy/yVo8BDR4PSvOIgb0ZJ4UyYpdP0srcsDvja4Lrkzhb6sUCRHeHC5Y5lcdlvN33WCiOKRxw==",
      "requires": {
        "is-promise": "^2.1.0",
        "path-to-regexp": "^3.0.0"
      }
    },
    "aos": {
      "version": "3.0.0-beta.6",
      "resolved": "https://registry.npmjs.org/aos/-/aos-3.0.0-beta.6.tgz",
      "integrity": "sha512-VLWrpq8bfAWcetynVHMMrqdC+89Qq/Ym6UBJbHB4crIwp3RR8uq1dNGgsFzoDl03S43rlVMK+na3r5+oUCZsYw==",
      "requires": {
        "classlist-polyfill": "^1.2.0",
        "lodash.debounce": "^4.0.8",
        "lodash.throttle": "^4.1.1"
      }
    },
    "classlist-polyfill": {
      "version": "1.2.0",
      "resolved": "https://registry.npmjs.org/classlist-polyfill/-/classlist-polyfill-1.2.0.tgz",
      "integrity": "sha1-k1vC39lFiodrJ5YXUUY4vKqWSi4="
    },
    "is-promise": {
      "version": "2.1.0",
      "resolved": "https://registry.npmjs.org/is-promise/-/is-promise-2.1.0.tgz",
      "integrity": "sha1-eaKp7OfwlugPNtKy87wWwf9L8/o="
    },
    "lax.js": {
      "version": "1.2.5",
      "resolved": "https://registry.npmjs.org/lax.js/-/lax.js-1.2.5.tgz",
      "integrity": "sha512-Ytf7ZUhn2YLtyYoUFT8KpoRYvzw0awTr66J0vrp4NpwPaXPp504yhvsrqtP6ZDny3/Y7UOQsWHylV9iLl3cuoQ=="
    },
    "lodash.debounce": {
      "version": "4.0.8",
      "resolved": "https://registry.npmjs.org/lodash.debounce/-/lodash.debounce-4.0.8.tgz",
      "integrity": "sha1-gteb/zCmfEAF/9XiUVMArZyk168="
    },
    "lodash.throttle": {
      "version": "4.1.1",
      "resolved": "https://registry.npmjs.org/lodash.throttle/-/lodash.throttle-4.1.1.tgz",
      "integrity": "sha1-wj6RtxAkKscMN/HhzaknTMOb8vQ="
    },
    "path-to-regexp": {
      "version": "3.2.0",
      "resolved": "https://registry.npmjs.org/path-to-regexp/-/path-to-regexp-3.2.0.tgz",
      "integrity": "sha512-jczvQbCUS7XmS7o+y1aEO9OBVFeZBQ1MDSEqmO7xSoPgOPoowY/SxLpZ6Vh97/8qHZOteiCKb7gkG9gA2ZUxJA=="
    }
  }
}
